
Microsoft Visual Studio Solution File, Format Version 12.00
# Visual Studio Version 17
VisualStudioVersion = 17.11.35327.3
MinimumVisualStudioVersion = 10.0.40219.1
Project("{2150E333-8FDC-42A3-9474-1A3956D46DE8}") = "src", "src", "{E655B4E8-AF92-4086-8C8B-4B7D78303D7C}"
EndProject
Project("{2150E333-8FDC-42A3-9474-1A3956D46DE8}") = "services", "services", "{D38E75C1-6ADB-45E6-8F83-55671A8AA5DD}"
EndProject
Project("{2150E333-8FDC-42A3-9474-1A3956D46DE8}") = "catalog", "catalog", "{10F984F3-9021-49D1-973A-AC991691AB49}"
EndProject
Project("{E53339B2-1760-4266-BCC7-CA923CBCF16C}") = "docker-compose", "docker-compose.dcproj", "{B08A53D6-AA91-4B00-9240-56AC7F9DFEA5}"
EndProject
Project("{2150E333-8FDC-42A3-9474-1A3956D46DE8}") = "shared", "shared", "{6157B32A-2BD9-4F57-B0C0-AB02FA3BC9AE}"
EndProject
Project("{2150E333-8FDC-42A3-9474-1A3956D46DE8}") = "basket", "basket", "{3DB9D1D0-D15D-42A0-8FDD-6534C9725C75}"
EndProject
Project("{2150E333-8FDC-42A3-9474-1A3956D46DE8}") = "discount", "discount", "{9D6035DE-193E-49AC-B76C-84B86DF60EB2}"
EndProject
Project("{2150E333-8FDC-42A3-9474-1A3956D46DE8}") = "file", "file", "{6A7374C7-C0DF-435E-A7F7-75204CBD90DC}"
EndProject
Project("{2150E333-8FDC-42A3-9474-1A3956D46DE8}") = "order", "order", "{02EA681E-C7D8-13C7-8484-4AC65E1B71E8}"
EndProject
Project("{2150E333-8FDC-42A3-9474-1A3956D46DE8}") = "api", "api", "{E5A5BF3A-BFE4-4F66-9A9E-C132C98DCEFE}"
EndProject
Project("{2150E333-8FDC-42A3-9474-1A3956D46DE8}") = "core", "core", "{414D9E64-4756-4DF0-8B3D-86A146B13412}"
EndProject
Project("{2150E333-8FDC-42A3-9474-1A3956D46DE8}") = "infrastructure", "infrastructure", "{015C1971-9CF2-4539-B796-848658A1E62D}"
EndProject
Project("{2150E333-8FDC-42A3-9474-1A3956D46DE8}") = "payment", "payment", "{CC1C678E-7391-44A6-9759-223A43F3874A}"
EndProject
Project("{2150E333-8FDC-42A3-9474-1A3956D46DE8}") = "gateway", "gateway", "{C9523D2F-48FC-4449-B7E5-F70A44C48683}"
EndProject
Project("{2150E333-8FDC-42A3-9474-1A3956D46DE8}") = "Solution Items", "Solution Items", "{8EC462FD-D22E-90A8-E5CE-7E832BA40C5D}"
	ProjectSection(SolutionItems) = preProject
		Keycloak_Request_Postman.md = Keycloak_Request_Postman.md
	EndProjectSection
EndProject
Project("{2150E333-8FDC-42A3-9474-1A3956D46DE8}") = "front", "front", "{8CE1FCB6-095E-42DD-BFEB-7AF105DC167E}"
EndProject
Project("{FAE04EC0-301F-11D3-BF4B-00C04F79EFBC}") = "Grafirio.Basket.Api", "src\services\Grafirio.Basket.Api\Grafirio.Basket.Api.csproj", "{FA601524-6BAB-2573-1AA7-523DF82EDCCF}"
EndProject
Project("{FAE04EC0-301F-11D3-BF4B-00C04F79EFBC}") = "Grafirio.Catalog.Api", "src\services\Grafirio.Catalog.Api\Grafirio.Catalog.Api.csproj", "{B8EBD40C-EE58-CE1B-BB54-725FB54F41AC}"
EndProject
Project("{FAE04EC0-301F-11D3-BF4B-00C04F79EFBC}") = "Grafirio.Discount.Api", "src\services\Grafirio.Discount.Api\Grafirio.Discount.Api.csproj", "{EE75C95B-F8CE-06C3-CE34-B1B4221A3E64}"
EndProject
Project("{FAE04EC0-301F-11D3-BF4B-00C04F79EFBC}") = "Grafirio.File.Api", "src\services\Grafirio.File.Api\Grafirio.File.Api.csproj", "{4F51D35F-00BB-A7B3-ADDE-13897027E08E}"
EndProject
Project("{FAE04EC0-301F-11D3-BF4B-00C04F79EFBC}") = "Grafirio.Gateway", "src\services\Grafirio.Gateway\Grafirio.Gateway.csproj", "{3AB35DBB-44EA-8336-DFA9-BEF9ECABB5AC}"
EndProject
Project("{FAE04EC0-301F-11D3-BF4B-00C04F79EFBC}") = "Grafirio.Order.Api", "src\services\Grafio.Order\Grafirio.Order.Api\Grafirio.Order.Api.csproj", "{04C87AB5-75B9-72C0-E9BD-0CB10A5C86D9}"
EndProject
Project("{FAE04EC0-301F-11D3-BF4B-00C04F79EFBC}") = "Grafirio.Order.Application", "src\services\Grafio.Order\Core\Grafirio.Order.Application\Grafirio.Order.Application.csproj", "{54626425-B819-3E7E-84BD-6458556A97EE}"
EndProject
Project("{FAE04EC0-301F-11D3-BF4B-00C04F79EFBC}") = "Grafirio.Order.Domain", "src\services\Grafio.Order\Core\Grafirio.Order.Domain\Grafirio.Order.Domain.csproj", "{D165582C-AED9-46EC-65A1-C7B89EF49546}"
EndProject
Project("{FAE04EC0-301F-11D3-BF4B-00C04F79EFBC}") = "Grafirio.Order.Persistence", "src\services\Grafio.Order\infrastructure\Grafirio.Order.Persistence\Grafirio.Order.Persistence.csproj", "{78B34F60-24D3-97A7-2977-4D75C041FE21}"
EndProject
Project("{FAE04EC0-301F-11D3-BF4B-00C04F79EFBC}") = "Grafirio.Payment.Api", "src\services\Grafirio.Payment.Api\Grafirio.Payment.Api.csproj", "{714BA14D-0660-FC42-2D3D-BB7C66BF374F}"
EndProject
Project("{FAE04EC0-301F-11D3-BF4B-00C04F79EFBC}") = "Grafirio.Shared", "src\shared\Grafirio.Shared\Grafirio.Shared.csproj", "{583DC310-5A9A-9566-FC5B-B3CCA9B4295A}"
EndProject
Project("{54A90642-561A-4BB1-A94E-469ADEE60C69}") = "grifirio.front", "src\front\Grifirio.Front\grifirio.front.esproj", "{1ECD458D-6971-B79B-B83F-13081529D5FF}"
EndProject
Project("{2150E333-8FDC-42A3-9474-1A3956D46DE8}") = "admin", "admin", "{C00C2A70-C450-45C6-BADF-4623A612C0F1}"
EndProject
Project("{54A90642-561A-4BB1-A94E-469ADEE60C69}") = "grifirio.useradmin", "src\front\admins\Grifirio.Useradmin\grifirio.useradmin.esproj", "{B3C4B99B-4D44-5360-1432-AA82F663D283}"
EndProject
Project("{54A90642-561A-4BB1-A94E-469ADEE60C69}") = "grifirio.projectadmin", "src\front\admins\grifirio.projectadmin\grifirio.projectadmin.esproj", "{CC066B6C-A5B5-A3E2-0C7A-DE6876C2AC6D}"
EndProject
Project("{2150E333-8FDC-42A3-9474-1A3956D46DE8}") = "identity", "identity", "{3DC9C757-1F6C-4FE3-8233-CB4B64652693}"
EndProject
Project("{FAE04EC0-301F-11D3-BF4B-00C04F79EFBC}") = "Grafirio.Identity.Api", "src\services\Grafirio.Identity.Api\Grafirio.Identity.Api\Grafirio.Identity.Api.csproj", "{39C4D54F-E841-49CF-91F8-DA586F5C3E0D}"
EndProject
Global
	GlobalSection(SolutionConfigurationPlatforms) = preSolution
		Debug|Any CPU = Debug|Any CPU
		Release|Any CPU = Release|Any CPU
	EndGlobalSection
	GlobalSection(ProjectConfigurationPlatforms) = postSolution
		{B08A53D6-AA91-4B00-9240-56AC7F9DFEA5}.Debug|Any CPU.ActiveCfg = Debug|Any CPU
		{B08A53D6-AA91-4B00-9240-56AC7F9DFEA5}.Debug|Any CPU.Build.0 = Debug|Any CPU
		{B08A53D6-AA91-4B00-9240-56AC7F9DFEA5}.Release|Any CPU.ActiveCfg = Release|Any CPU
		{B08A53D6-AA91-4B00-9240-56AC7F9DFEA5}.Release|Any CPU.Build.0 = Release|Any CPU
		{FA601524-6BAB-2573-1AA7-523DF82EDCCF}.Debug|Any CPU.ActiveCfg = Debug|Any CPU
		{FA601524-6BAB-2573-1AA7-523DF82EDCCF}.Debug|Any CPU.Build.0 = Debug|Any CPU
		{FA601524-6BAB-2573-1AA7-523DF82EDCCF}.Release|Any CPU.ActiveCfg = Release|Any CPU
		{FA601524-6BAB-2573-1AA7-523DF82EDCCF}.Release|Any CPU.Build.0 = Release|Any CPU
		{B8EBD40C-EE58-CE1B-BB54-725FB54F41AC}.Debug|Any CPU.ActiveCfg = Debug|Any CPU
		{B8EBD40C-EE58-CE1B-BB54-725FB54F41AC}.Debug|Any CPU.Build.0 = Debug|Any CPU
		{B8EBD40C-EE58-CE1B-BB54-725FB54F41AC}.Release|Any CPU.ActiveCfg = Release|Any CPU
		{B8EBD40C-EE58-CE1B-BB54-725FB54F41AC}.Release|Any CPU.Build.0 = Release|Any CPU
		{EE75C95B-F8CE-06C3-CE34-B1B4221A3E64}.Debug|Any CPU.ActiveCfg = Debug|Any CPU
		{EE75C95B-F8CE-06C3-CE34-B1B4221A3E64}.Debug|Any CPU.Build.0 = Debug|Any CPU
		{EE75C95B-F8CE-06C3-CE34-B1B4221A3E64}.Release|Any CPU.ActiveCfg = Release|Any CPU
		{EE75C95B-F8CE-06C3-CE34-B1B4221A3E64}.Release|Any CPU.Build.0 = Release|Any CPU
		{4F51D35F-00BB-A7B3-ADDE-13897027E08E}.Debug|Any CPU.ActiveCfg = Debug|Any CPU
		{4F51D35F-00BB-A7B3-ADDE-13897027E08E}.Debug|Any CPU.Build.0 = Debug|Any CPU
		{4F51D35F-00BB-A7B3-ADDE-13897027E08E}.Release|Any CPU.ActiveCfg = Release|Any CPU
		{4F51D35F-00BB-A7B3-ADDE-13897027E08E}.Release|Any CPU.Build.0 = Release|Any CPU
		{3AB35DBB-44EA-8336-DFA9-BEF9ECABB5AC}.Debug|Any CPU.ActiveCfg = Debug|Any CPU
		{3AB35DBB-44EA-8336-DFA9-BEF9ECABB5AC}.Debug|Any CPU.Build.0 = Debug|Any CPU
		{3AB35DBB-44EA-8336-DFA9-BEF9ECABB5AC}.Release|Any CPU.ActiveCfg = Release|Any CPU
		{3AB35DBB-44EA-8336-DFA9-BEF9ECABB5AC}.Release|Any CPU.Build.0 = Release|Any CPU
		{04C87AB5-75B9-72C0-E9BD-0CB10A5C86D9}.Debug|Any CPU.ActiveCfg = Debug|Any CPU
		{04C87AB5-75B9-72C0-E9BD-0CB10A5C86D9}.Debug|Any CPU.Build.0 = Debug|Any CPU
		{04C87AB5-75B9-72C0-E9BD-0CB10A5C86D9}.Release|Any CPU.ActiveCfg = Release|Any CPU
		{04C87AB5-75B9-72C0-E9BD-0CB10A5C86D9}.Release|Any CPU.Build.0 = Release|Any CPU
		{54626425-B819-3E7E-84BD-6458556A97EE}.Debug|Any CPU.ActiveCfg = Debug|Any CPU
		{54626425-B819-3E7E-84BD-6458556A97EE}.Debug|Any CPU.Build.0 = Debug|Any CPU
		{54626425-B819-3E7E-84BD-6458556A97EE}.Release|Any CPU.ActiveCfg = Release|Any CPU
		{54626425-B819-3E7E-84BD-6458556A97EE}.Release|Any CPU.Build.0 = Release|Any CPU
		{D165582C-AED9-46EC-65A1-C7B89EF49546}.Debug|Any CPU.ActiveCfg = Debug|Any CPU
		{D165582C-AED9-46EC-65A1-C7B89EF49546}.Debug|Any CPU.Build.0 = Debug|Any CPU
		{D165582C-AED9-46EC-65A1-C7B89EF49546}.Release|Any CPU.ActiveCfg = Release|Any CPU
		{D165582C-AED9-46EC-65A1-C7B89EF49546}.Release|Any CPU.Build.0 = Release|Any CPU
		{78B34F60-24D3-97A7-2977-4D75C041FE21}.Debug|Any CPU.ActiveCfg = Debug|Any CPU
		{78B34F60-24D3-97A7-2977-4D75C041FE21}.Debug|Any CPU.Build.0 = Debug|Any CPU
		{78B34F60-24D3-97A7-2977-4D75C041FE21}.Release|Any CPU.ActiveCfg = Release|Any CPU
		{78B34F60-24D3-97A7-2977-4D75C041FE21}.Release|Any CPU.Build.0 = Release|Any CPU
		{714BA14D-0660-FC42-2D3D-BB7C66BF374F}.Debug|Any CPU.ActiveCfg = Debug|Any CPU
		{714BA14D-0660-FC42-2D3D-BB7C66BF374F}.Debug|Any CPU.Build.0 = Debug|Any CPU
		{714BA14D-0660-FC42-2D3D-BB7C66BF374F}.Release|Any CPU.ActiveCfg = Release|Any CPU
		{714BA14D-0660-FC42-2D3D-BB7C66BF374F}.Release|Any CPU.Build.0 = Release|Any CPU
		{583DC310-5A9A-9566-FC5B-B3CCA9B4295A}.Debug|Any CPU.ActiveCfg = Debug|Any CPU
		{583DC310-5A9A-9566-FC5B-B3CCA9B4295A}.Debug|Any CPU.Build.0 = Debug|Any CPU
		{583DC310-5A9A-9566-FC5B-B3CCA9B4295A}.Release|Any CPU.ActiveCfg = Release|Any CPU
		{583DC310-5A9A-9566-FC5B-B3CCA9B4295A}.Release|Any CPU.Build.0 = Release|Any CPU
		{1ECD458D-6971-B79B-B83F-13081529D5FF}.Debug|Any CPU.ActiveCfg = Debug|Any CPU
		{1ECD458D-6971-B79B-B83F-13081529D5FF}.Debug|Any CPU.Build.0 = Debug|Any CPU
		{1ECD458D-6971-B79B-B83F-13081529D5FF}.Debug|Any CPU.Deploy.0 = Debug|Any CPU
		{1ECD458D-6971-B79B-B83F-13081529D5FF}.Release|Any CPU.ActiveCfg = Release|Any CPU
		{1ECD458D-6971-B79B-B83F-13081529D5FF}.Release|Any CPU.Build.0 = Release|Any CPU
		{1ECD458D-6971-B79B-B83F-13081529D5FF}.Release|Any CPU.Deploy.0 = Release|Any CPU
		{B3C4B99B-4D44-5360-1432-AA82F663D283}.Debug|Any CPU.ActiveCfg = Debug|Any CPU
		{B3C4B99B-4D44-5360-1432-AA82F663D283}.Debug|Any CPU.Build.0 = Debug|Any CPU
		{B3C4B99B-4D44-5360-1432-AA82F663D283}.Debug|Any CPU.Deploy.0 = Debug|Any CPU
		{B3C4B99B-4D44-5360-1432-AA82F663D283}.Release|Any CPU.ActiveCfg = Release|Any CPU
		{B3C4B99B-4D44-5360-1432-AA82F663D283}.Release|Any CPU.Build.0 = Release|Any CPU
		{B3C4B99B-4D44-5360-1432-AA82F663D283}.Release|Any CPU.Deploy.0 = Release|Any CPU
		{CC066B6C-A5B5-A3E2-0C7A-DE6876C2AC6D}.Debug|Any CPU.ActiveCfg = Debug|Any CPU
		{CC066B6C-A5B5-A3E2-0C7A-DE6876C2AC6D}.Debug|Any CPU.Build.0 = Debug|Any CPU
		{CC066B6C-A5B5-A3E2-0C7A-DE6876C2AC6D}.Debug|Any CPU.Deploy.0 = Debug|Any CPU
		{CC066B6C-A5B5-A3E2-0C7A-DE6876C2AC6D}.Release|Any CPU.ActiveCfg = Release|Any CPU
		{CC066B6C-A5B5-A3E2-0C7A-DE6876C2AC6D}.Release|Any CPU.Build.0 = Release|Any CPU
		{CC066B6C-A5B5-A3E2-0C7A-DE6876C2AC6D}.Release|Any CPU.Deploy.0 = Release|Any CPU
		{39C4D54F-E841-49CF-91F8-DA586F5C3E0D}.Debug|Any CPU.ActiveCfg = Debug|Any CPU
		{39C4D54F-E841-49CF-91F8-DA586F5C3E0D}.Debug|Any CPU.Build.0 = Debug|Any CPU
		{39C4D54F-E841-49CF-91F8-DA586F5C3E0D}.Release|Any CPU.ActiveCfg = Release|Any CPU
		{39C4D54F-E841-49CF-91F8-DA586F5C3E0D}.Release|Any CPU.Build.0 = Release|Any CPU
	EndGlobalSection
	GlobalSection(SolutionProperties) = preSolution
		HideSolutionNode = FALSE
	EndGlobalSection
	GlobalSection(NestedProjects) = preSolution
		{D38E75C1-6ADB-45E6-8F83-55671A8AA5DD} = {E655B4E8-AF92-4086-8C8B-4B7D78303D7C}
		{10F984F3-9021-49D1-973A-AC991691AB49} = {D38E75C1-6ADB-45E6-8F83-55671A8AA5DD}
		{6157B32A-2BD9-4F57-B0C0-AB02FA3BC9AE} = {E655B4E8-AF92-4086-8C8B-4B7D78303D7C}
		{3DB9D1D0-D15D-42A0-8FDD-6534C9725C75} = {D38E75C1-6ADB-45E6-8F83-55671A8AA5DD}
		{9D6035DE-193E-49AC-B76C-84B86DF60EB2} = {D38E75C1-6ADB-45E6-8F83-55671A8AA5DD}
		{6A7374C7-C0DF-435E-A7F7-75204CBD90DC} = {D38E75C1-6ADB-45E6-8F83-55671A8AA5DD}
		{02EA681E-C7D8-13C7-8484-4AC65E1B71E8} = {D38E75C1-6ADB-45E6-8F83-55671A8AA5DD}
		{E5A5BF3A-BFE4-4F66-9A9E-C132C98DCEFE} = {02EA681E-C7D8-13C7-8484-4AC65E1B71E8}
		{414D9E64-4756-4DF0-8B3D-86A146B13412} = {02EA681E-C7D8-13C7-8484-4AC65E1B71E8}
		{015C1971-9CF2-4539-B796-848658A1E62D} = {02EA681E-C7D8-13C7-8484-4AC65E1B71E8}
		{CC1C678E-7391-44A6-9759-223A43F3874A} = {D38E75C1-6ADB-45E6-8F83-55671A8AA5DD}
		{C9523D2F-48FC-4449-B7E5-F70A44C48683} = {E655B4E8-AF92-4086-8C8B-4B7D78303D7C}
		{8CE1FCB6-095E-42DD-BFEB-7AF105DC167E} = {E655B4E8-AF92-4086-8C8B-4B7D78303D7C}
		{FA601524-6BAB-2573-1AA7-523DF82EDCCF} = {3DB9D1D0-D15D-42A0-8FDD-6534C9725C75}
		{B8EBD40C-EE58-CE1B-BB54-725FB54F41AC} = {10F984F3-9021-49D1-973A-AC991691AB49}
		{EE75C95B-F8CE-06C3-CE34-B1B4221A3E64} = {9D6035DE-193E-49AC-B76C-84B86DF60EB2}
		{4F51D35F-00BB-A7B3-ADDE-13897027E08E} = {6A7374C7-C0DF-435E-A7F7-75204CBD90DC}
		{3AB35DBB-44EA-8336-DFA9-BEF9ECABB5AC} = {C9523D2F-48FC-4449-B7E5-F70A44C48683}
		{04C87AB5-75B9-72C0-E9BD-0CB10A5C86D9} = {E5A5BF3A-BFE4-4F66-9A9E-C132C98DCEFE}
		{54626425-B819-3E7E-84BD-6458556A97EE} = {414D9E64-4756-4DF0-8B3D-86A146B13412}
		{D165582C-AED9-46EC-65A1-C7B89EF49546} = {414D9E64-4756-4DF0-8B3D-86A146B13412}
		{78B34F60-24D3-97A7-2977-4D75C041FE21} = {015C1971-9CF2-4539-B796-848658A1E62D}
		{714BA14D-0660-FC42-2D3D-BB7C66BF374F} = {CC1C678E-7391-44A6-9759-223A43F3874A}
		{583DC310-5A9A-9566-FC5B-B3CCA9B4295A} = {6157B32A-2BD9-4F57-B0C0-AB02FA3BC9AE}
		{1ECD458D-6971-B79B-B83F-13081529D5FF} = {8CE1FCB6-095E-42DD-BFEB-7AF105DC167E}
		{C00C2A70-C450-45C6-BADF-4623A612C0F1} = {8CE1FCB6-095E-42DD-BFEB-7AF105DC167E}
		{B3C4B99B-4D44-5360-1432-AA82F663D283} = {C00C2A70-C450-45C6-BADF-4623A612C0F1}
		{CC066B6C-A5B5-A3E2-0C7A-DE6876C2AC6D} = {C00C2A70-C450-45C6-BADF-4623A612C0F1}
		{3DC9C757-1F6C-4FE3-8233-CB4B64652693} = {D38E75C1-6ADB-45E6-8F83-55671A8AA5DD}
		{39C4D54F-E841-49CF-91F8-DA586F5C3E0D} = {3DC9C757-1F6C-4FE3-8233-CB4B64652693}
	EndGlobalSection
	GlobalSection(ExtensibilityGlobals) = postSolution
		SolutionGuid = {D4A3B2D0-F757-4001-A25A-D22548EF4BBE}
	EndGlobalSection
EndGlobal
